{
  "name": "typed-mysql",
  "version": "1.6.2",
  "lockfileVersion": 1,
  "requires": true,
  "dependencies": {
    "@anyhowstep/data-validation": {
      "version": "1.15.0",
      "resolved": "https://registry.npmjs.org/@anyhowstep/data-validation/-/data-validation-1.15.0.tgz",
      "integrity": "sha512-xEyIsqWu3IE/0WKtrdt3507qKFQsc8X723Y7teDs6kgrRNdAouu2YnFVx+AjAuErkKOEThLpCIA//xoJnvLCYQ==",
      "requires": {
        "@anyhowstep/type-util": "1.4.0",
        "@types/sprintf-js": "1.1.0",
        "@types/underscore": "1.8.8",
        "sprintf-js": "1.1.1",
        "typescript": "2.8.1",
        "underscore": "1.9.0"
      },
      "dependencies": {
        "typescript": {
          "version": "2.8.1",
          "resolved": "https://registry.npmjs.org/typescript/-/typescript-2.8.1.tgz",
          "integrity": "sha512-Ao/f6d/4EPLq0YwzsQz8iXflezpTkQzqAyenTiw4kCUGr1uPiFLC3+fZ+gMZz6eeI/qdRUqvC+HxIJzUAzEFdg=="
        }
      }
    },
    "@anyhowstep/type-util": {
      "version": "1.4.0",
      "resolved": "https://registry.npmjs.org/@anyhowstep/type-util/-/type-util-1.4.0.tgz",
      "integrity": "sha1-8XqwpZi5mXvRypStWM1EYSrYDx8=",
      "requires": {
        "typescript": "2.7.2"
      },
      "dependencies": {
        "typescript": {
          "version": "2.7.2",
          "resolved": "https://registry.npmjs.org/typescript/-/typescript-2.7.2.tgz",
          "integrity": "sha512-p5TCYZDAO0m4G344hD+wx/LATebLWZNkkh2asWUFqSsD2OrDNhbAHuSjobrmsUmdzjJjEeZVU9g1h3O6vpstnw=="
        }
      }
    },
    "@types/mysql": {
      "version": "2.15.3",
      "resolved": "https://registry.npmjs.org/@types/mysql/-/mysql-2.15.3.tgz",
      "integrity": "sha512-ULhlgxnE+YyW9LCI5vzH7SEpUzwMQzkqcRP90dp/AC1LV97SSepE7MoxymU4+nR8bRkz4ZNGXM3RmECAbO3uUg==",
      "requires": {
        "@types/node": "9.4.7"
      }
    },
    "@types/node": {
      "version": "9.4.7",
      "resolved": "https://registry.npmjs.org/@types/node/-/node-9.4.7.tgz",
      "integrity": "sha512-4Ba90mWNx8ddbafuyGGwjkZMigi+AWfYLSDCpovwsE63ia8w93r3oJ8PIAQc3y8U+XHcnMOHPIzNe3o438Ywcw=="
    },
    "@types/sprintf-js": {
      "version": "1.1.0",
      "resolved": "https://registry.npmjs.org/@types/sprintf-js/-/sprintf-js-1.1.0.tgz",
      "integrity": "sha512-AQSq0X2Pj+2UbLIAxRmnj7Tll4btd1fj3hFf0XxB3/ZT7qjQ2WA3/JKtehu8UXEbkNCcysG6ZnYs58F1e/FboA=="
    },
    "@types/underscore": {
      "version": "1.8.8",
      "resolved": "https://registry.npmjs.org/@types/underscore/-/underscore-1.8.8.tgz",
      "integrity": "sha512-EquzRwzAAs04anQ8/6MYXFKvHoD+MIlF+gu87EDda7dN9zrKvQYHsc9VFAPB1xY4tUHQVvBMtjsHrvof2EE1Mg=="
    },
    "axios": {
      "version": "0.17.1",
      "resolved": "https://registry.npmjs.org/axios/-/axios-0.17.1.tgz",
      "integrity": "sha1-LY4+XQvb1zJ/kbyBT1xXZg+Bgk0=",
      "requires": {
        "follow-redirects": "1.4.1",
        "is-buffer": "1.1.6"
      }
    },
    "bignumber.js": {
      "version": "4.0.4",
      "resolved": "https://registry.npmjs.org/bignumber.js/-/bignumber.js-4.0.4.tgz",
      "integrity": "sha512-LDXpJKVzEx2/OqNbG9mXBNvHuiRL4PzHCGfnANHMJ+fv68Ads3exDVJeGDJws+AoNEuca93bU3q+S0woeUaCdg=="
    },
    "core-util-is": {
      "version": "1.0.2",
      "resolved": "https://registry.npmjs.org/core-util-is/-/core-util-is-1.0.2.tgz",
      "integrity": "sha1-tf1UIgqivFq1eqtxQMlAdUUDwac="
    },
    "debug": {
      "version": "3.1.0",
      "resolved": "https://registry.npmjs.org/debug/-/debug-3.1.0.tgz",
      "integrity": "sha512-OX8XqP7/1a9cqkxYw2yXss15f26NKWBpDXQd0/uK/KPqdQhxbPa994hnzjcE2VqQpDslf55723cKPUOGSmMY3g==",
      "requires": {
        "ms": "2.0.0"
      }
    },
    "follow-redirects": {
      "version": "1.4.1",
      "resolved": "https://registry.npmjs.org/follow-redirects/-/follow-redirects-1.4.1.tgz",
      "integrity": "sha512-uxYePVPogtya1ktGnAAXOacnbIuRMB4dkvqeNz2qTtTQsuzSfbDolV+wMMKxAmCx0bLgAKLbBOkjItMbbkR1vg==",
      "requires": {
        "debug": "3.1.0"
      }
    },
    "inherits": {
      "version": "2.0.3",
      "resolved": "https://registry.npmjs.org/inherits/-/inherits-2.0.3.tgz",
      "integrity": "sha1-Yzwsg+PaQqUC9SRmAiSA9CCCYd4="
    },
    "is-buffer": {
      "version": "1.1.6",
      "resolved": "https://registry.npmjs.org/is-buffer/-/is-buffer-1.1.6.tgz",
      "integrity": "sha512-NcdALwpXkTm5Zvvbk7owOUSvVvBKDgKP5/ewfXEznmQFfs4ZRmanOeKBTjRVjka3QFoN6XJ+9F3USqfHqTaU5w=="
    },
    "isarray": {
      "version": "1.0.0",
      "resolved": "https://registry.npmjs.org/isarray/-/isarray-1.0.0.tgz",
      "integrity": "sha1-u5NdSFgsuhaMBoNJV6VKPgcSTxE="
    },
    "ms": {
      "version": "2.0.0",
      "resolved": "https://registry.npmjs.org/ms/-/ms-2.0.0.tgz",
      "integrity": "sha1-VgiurfwAvmwpAd9fmGF4jeDVl8g="
    },
    "mysql": {
      "version": "2.15.0",
      "resolved": "https://registry.npmjs.org/mysql/-/mysql-2.15.0.tgz",
      "integrity": "sha512-C7tjzWtbN5nzkLIV+E8Crnl9bFyc7d3XJcBAvHKEVkjrYjogz3llo22q6s/hw+UcsE4/844pDob9ac+3dVjQSA==",
      "requires": {
        "bignumber.js": "4.0.4",
        "readable-stream": "2.3.3",
        "safe-buffer": "5.1.1",
        "sqlstring": "2.3.0"
      }
    },
    "process-nextick-args": {
      "version": "1.0.7",
      "resolved": "https://registry.npmjs.org/process-nextick-args/-/process-nextick-args-1.0.7.tgz",
      "integrity": "sha1-FQ4gt1ZZCtP5EJPyWk8q2L/zC6M="
    },
    "readable-stream": {
      "version": "2.3.3",
      "resolved": "https://registry.npmjs.org/readable-stream/-/readable-stream-2.3.3.tgz",
      "integrity": "sha512-m+qzzcn7KUxEmd1gMbchF+Y2eIUbieUaxkWtptyHywrX0rE8QEYqPC07Vuy4Wm32/xE16NcdBctb8S0Xe/5IeQ==",
      "requires": {
        "core-util-is": "1.0.2",
        "inherits": "2.0.3",
        "isarray": "1.0.0",
        "process-nextick-args": "1.0.7",
        "safe-buffer": "5.1.1",
        "string_decoder": "1.0.3",
        "util-deprecate": "1.0.2"
      }
    },
    "safe-buffer": {
      "version": "5.1.1",
      "resolved": "https://registry.npmjs.org/safe-buffer/-/safe-buffer-5.1.1.tgz",
      "integrity": "sha512-kKvNJn6Mm93gAczWVJg7wH+wGYWNrDHdWvpUmHyEsgCtIwwo3bqPtV4tR5tuPaUhTOo/kvhVwd8XwwOllGYkbg=="
    },
    "schema-decorator": {
      "version": "1.20.0",
      "resolved": "https://registry.npmjs.org/schema-decorator/-/schema-decorator-1.20.0.tgz",
      "integrity": "sha512-NKOre7Xr7CpXYGaPU4xORvvZ3qWB2+bNwWm0fw/7eWp+ep7/yMD6dXXXxTVq72PdsLlszZ3TWXD5OK0qFn2+Ow==",
      "requires": {
        "@anyhowstep/data-validation": "1.15.0",
        "@types/underscore": "1.8.8",
        "axios": "0.17.1",
        "typescript": "2.8.1",
        "underscore": "1.9.0"
      },
      "dependencies": {
        "typescript": {
          "version": "2.8.1",
          "resolved": "https://registry.npmjs.org/typescript/-/typescript-2.8.1.tgz",
          "integrity": "sha512-Ao/f6d/4EPLq0YwzsQz8iXflezpTkQzqAyenTiw4kCUGr1uPiFLC3+fZ+gMZz6eeI/qdRUqvC+HxIJzUAzEFdg=="
        }
      }
    },
    "sprintf-js": {
      "version": "1.1.1",
      "resolved": "https://registry.npmjs.org/sprintf-js/-/sprintf-js-1.1.1.tgz",
      "integrity": "sha1-Nr54Mgr+WAH2zqPueLblqrlA6gw="
    },
    "sqlstring": {
      "version": "2.3.0",
      "resolved": "https://registry.npmjs.org/sqlstring/-/sqlstring-2.3.0.tgz",
      "integrity": "sha1-UluKT9Jtb3GqYegipsr5dtMa0qg="
    },
    "string_decoder": {
      "version": "1.0.3",
      "resolved": "https://registry.npmjs.org/string_decoder/-/string_decoder-1.0.3.tgz",
      "integrity": "sha512-4AH6Z5fzNNBcH+6XDMfA/BTt87skxqJlO0lAh3Dker5zThcAxG6mKz+iGu308UKoPPQ8Dcqx/4JhujzltRa+hQ==",
      "requires": {
        "safe-buffer": "5.1.1"
      }
    },
    "typescript": {
      "version": "2.8.0-dev.20180308",
      "resolved": "https://registry.npmjs.org/typescript/-/typescript-2.8.0-dev.20180308.tgz",
      "integrity": "sha512-UI8bxYQmgCSdS+Keh7w7KTXSbsJ56GFRHeNxhpAyhrEuP5Tf8pikoAa71UaPXZJBWnP0ZAscHlXjrPlrfwk4Jg==",
      "dev": true
    },
    "underscore": {
      "version": "1.9.0",
      "resolved": "https://registry.npmjs.org/underscore/-/underscore-1.9.0.tgz",
      "integrity": "sha512-4IV1DSSxC1QK48j9ONFK1MoIAKKkbE8i7u55w2R6IqBqbT7A/iG7aZBCR2Bi8piF0Uz+i/MG1aeqLwl/5vqF+A=="
    },
    "util-deprecate": {
      "version": "1.0.2",
      "resolved": "https://registry.npmjs.org/util-deprecate/-/util-deprecate-1.0.2.tgz",
      "integrity": "sha1-RQ1Nyfpw3nMnYvvS1KKJgUGaDM8="
    }
  }
}
